
Microsoft Visual Studio Solution File, Format Version 12.00
# Visual Studio Version 17
VisualStudioVersion = 17.3.32825.248
MinimumVisualStudioVersion = 10.0.40219.1
Project("{FAE04EC0-301F-11D3-BF4B-00C04F79EFBC}") = "EmployeesServer.API", "EmployeesServer.API\EmployeesServer.API.csproj", "{E9888701-97E0-4D2F-8EAB-0ED0DF2D6815}"
EndProject
Project("{FAE04EC0-301F-11D3-BF4B-00C04F79EFBC}") = "EmployeesServer.Core", "EmployeesServer.Core\EmployeesServer.Core.csproj", "{1FA07205-44DB-4069-8741-9F0E8B69FBB7}"
EndProject
Project("{FAE04EC0-301F-11D3-BF4B-00C04F79EFBC}") = "EmployeesServer.Data", "EmployeesServer.Data\EmployeesServer.Data.csproj", "{DAD4BB0D-63C7-41E7-AB80-A27C1E750AD0}"
EndProject
Project("{FAE04EC0-301F-11D3-BF4B-00C04F79EFBC}") = "EmployeesServer.Service", "EmployeesServer.Service\EmployeesServer.Service.csproj", "{EFB0880D-68C7-4F7C-A7D0-C287888A813D}"
EndProject
Global
	GlobalSection(SolutionConfigurationPlatforms) = preSolution
		Debug|Any CPU = Debug|Any CPU
		Release|Any CPU = Release|Any CPU
	EndGlobalSection
	GlobalSection(ProjectConfigurationPlatforms) = postSolution
		{E9888701-97E0-4D2F-8EAB-0ED0DF2D6815}.Debug|Any CPU.ActiveCfg = Debug|Any CPU
		{E9888701-97E0-4D2F-8EAB-0ED0DF2D6815}.Debug|Any CPU.Build.0 = Debug|Any CPU
		{E9888701-97E0-4D2F-8EAB-0ED0DF2D6815}.Release|Any CPU.ActiveCfg = Release|Any CPU
		{E9888701-97E0-4D2F-8EAB-0ED0DF2D6815}.Release|Any CPU.Build.0 = Release|Any CPU
		{1FA07205-44DB-4069-8741-9F0E8B69FBB7}.Debug|Any CPU.ActiveCfg = Debug|Any CPU
		{1FA07205-44DB-4069-8741-9F0E8B69FBB7}.Debug|Any CPU.Build.0 = Debug|Any CPU
		{1FA07205-44DB-4069-8741-9F0E8B69FBB7}.Release|Any CPU.ActiveCfg = Release|Any CPU
		{1FA07205-44DB-4069-8741-9F0E8B69FBB7}.Release|Any CPU.Build.0 = Release|Any CPU
		{DAD4BB0D-63C7-41E7-AB80-A27C1E750AD0}.Debug|Any CPU.ActiveCfg = Debug|Any CPU
		{DAD4BB0D-63C7-41E7-AB80-A27C1E750AD0}.Debug|Any CPU.Build.0 = Debug|Any CPU
		{DAD4BB0D-63C7-41E7-AB80-A27C1E750AD0}.Release|Any CPU.ActiveCfg = Release|Any CPU
		{DAD4BB0D-63C7-41E7-AB80-A27C1E750AD0}.Release|Any CPU.Build.0 = Release|Any CPU
		{EFB0880D-68C7-4F7C-A7D0-C287888A813D}.Debug|Any CPU.ActiveCfg = Debug|Any CPU
		{EFB0880D-68C7-4F7C-A7D0-C287888A813D}.Debug|Any CPU.Build.0 = Debug|Any CPU
		{EFB0880D-68C7-4F7C-A7D0-C287888A813D}.Release|Any CPU.ActiveCfg = Release|Any CPU
		{EFB0880D-68C7-4F7C-A7D0-C287888A813D}.Release|Any CPU.Build.0 = Release|Any CPU
	EndGlobalSection
	GlobalSection(SolutionProperties) = preSolution
		HideSolutionNode = FALSE
	EndGlobalSection
	GlobalSection(ExtensibilityGlobals) = postSolution
		SolutionGuid = {27D7FC8B-73DF-4B60-BD4F-7ED393C5A26D}
	EndGlobalSection
EndGlobal
